
Microsoft Visual Studio Solution File, Format Version 12.00
# Visual Studio Version 17
VisualStudioVersion = 17.14.36202.13
MinimumVisualStudioVersion = 10.0.40219.1
Project("{FAE04EC0-301F-11D3-BF4B-00C04F79EFBC}") = "EmployeeManagementAPI", "EmployeeManagementAPI.csproj", "{894862C8-E09B-4167-B917-F4E3AE969841}"
EndProject
Global
	GlobalSection(SolutionConfigurationPlatforms) = preSolution
		Debug|Any CPU = Debug|Any CPU
		Release|Any CPU = Release|Any CPU
	EndGlobalSection
	GlobalSection(ProjectConfigurationPlatforms) = postSolution
		{894862C8-E09B-4167-B917-F4E3AE969841}.Debug|Any CPU.ActiveCfg = Debug|Any CPU
		{894862C8-E09B-4167-B917-F4E3AE969841}.Debug|Any CPU.Build.0 = Debug|Any CPU
		{894862C8-E09B-4167-B917-F4E3AE969841}.Release|Any CPU.ActiveCfg = Release|Any CPU
		{894862C8-E09B-4167-B917-F4E3AE969841}.Release|Any CPU.Build.0 = Release|Any CPU
	EndGlobalSection
	GlobalSection(SolutionProperties) = preSolution
		HideSolutionNode = FALSE
	EndGlobalSection
	GlobalSection(ExtensibilityGlobals) = postSolution
		SolutionGuid = {3712893F-8C81-4E40-8F82-1FEC8084A63A}
	EndGlobalSection
EndGlobal
